
Microsoft Visual Studio Solution File, Format Version 12.00
# Visual Studio Version 16
VisualStudioVersion = 16.0.30907.101
MinimumVisualStudioVersion = 10.0.40219.1
Project("{FAE04EC0-301F-11D3-BF4B-00C04F79EFBC}") = "ex11 at 2tri", "ex11 at 2tri\ex11 at 2tri.csproj", "{C0612B62-A54B-4189-BF5E-0F28BD2EAB1A}"
EndProject
Global
	GlobalSection(SolutionConfigurationPlatforms) = preSolution
		Debug|Any CPU = Debug|Any CPU
		Release|Any CPU = Release|Any CPU
	EndGlobalSection
	GlobalSection(ProjectConfigurationPlatforms) = postSolution
		{C0612B62-A54B-4189-BF5E-0F28BD2EAB1A}.Debug|Any CPU.ActiveCfg = Debug|Any CPU
		{C0612B62-A54B-4189-BF5E-0F28BD2EAB1A}.Debug|Any CPU.Build.0 = Debug|Any CPU
		{C0612B62-A54B-4189-BF5E-0F28BD2EAB1A}.Release|Any CPU.ActiveCfg = Release|Any CPU
		{C0612B62-A54B-4189-BF5E-0F28BD2EAB1A}.Release|Any CPU.Build.0 = Release|Any CPU
	EndGlobalSection
	GlobalSection(SolutionProperties) = preSolution
		HideSolutionNode = FALSE
	EndGlobalSection
	GlobalSection(ExtensibilityGlobals) = postSolution
		SolutionGuid = {5A666602-EBD8-4E19-AA8E-5D87FA9B1B80}
	EndGlobalSection
EndGlobal
